
Microsoft Visual Studio Solution File, Format Version 12.00
# Visual Studio Version 17
VisualStudioVersion = 17.0.31903.59
MinimumVisualStudioVersion = 10.0.40219.1
Project("{9A19103F-16F7-4668-BE54-9A1E7A4F7556}") = "evat-workflow", "evat-workflow\evat-workflow.csproj", "{6DCB2F64-78CB-4FC6-999C-D86A67E1F7A9}"
EndProject
Project("{2150E333-8FDC-42A3-9474-1A3956D46DE8}") = "Solution Items", "Solution Items", "{79491940-D6F5-4619-BE2B-AE7316BF302D}"
	ProjectSection(SolutionItems) = preProject
		.github\workflows\deploy.yml = .github\workflows\deploy.yml
	EndProjectSection
EndProject
Global
	GlobalSection(SolutionConfigurationPlatforms) = preSolution
		Debug|Any CPU = Debug|Any CPU
		Release|Any CPU = Release|Any CPU
	EndGlobalSection
	GlobalSection(ProjectConfigurationPlatforms) = postSolution
		{6DCB2F64-78CB-4FC6-999C-D86A67E1F7A9}.Debug|Any CPU.ActiveCfg = Debug|Any CPU
		{6DCB2F64-78CB-4FC6-999C-D86A67E1F7A9}.Debug|Any CPU.Build.0 = Debug|Any CPU
		{6DCB2F64-78CB-4FC6-999C-D86A67E1F7A9}.Release|Any CPU.ActiveCfg = Release|Any CPU
		{6DCB2F64-78CB-4FC6-999C-D86A67E1F7A9}.Release|Any CPU.Build.0 = Release|Any CPU
	EndGlobalSection
	GlobalSection(SolutionProperties) = preSolution
		HideSolutionNode = FALSE
	EndGlobalSection
	GlobalSection(ExtensibilityGlobals) = postSolution
		SolutionGuid = {56E55CC0-01C2-47FB-BAAA-122B8833CB73}
	EndGlobalSection
EndGlobal
